
Microsoft Visual Studio Solution File, Format Version 12.00
# Visual Studio Version 16
VisualStudioVersion = 16.0.32428.217
MinimumVisualStudioVersion = 10.0.40219.1
Project("{8BC9CEB8-8B4A-11D0-8D11-00A0C91BC942}") = "01.BinarySearch example", "01.BinarySearch example\01.BinarySearch example.vcxproj", "{F75CF9B4-0A20-4F4F-85AA-277F534E4A5D}"
EndProject
Project("{8BC9CEB8-8B4A-11D0-8D11-00A0C91BC942}") = "02.BinarySearchTree example", "02.BinarySearchTree example\02.BinarySearchTree example.vcxproj", "{FF5CB8B3-C999-4C25-839D-225A6A0DE0B0}"
EndProject
Project("{8BC9CEB8-8B4A-11D0-8D11-00A0C91BC942}") = "03.LinkedQueue example", "03.LinkedQueue example\03.LinkedQueue example.vcxproj", "{59B65B62-5049-46F7-B986-70D754CD240E}"
EndProject
Project("{8BC9CEB8-8B4A-11D0-8D11-00A0C91BC942}") = "04.DoublyLinkedQueue example", "04.DoublyLinkedQueue example\04.DoublyLinkedQueue example.vcxproj", "{8D17ADDA-EE7C-4E07-9B6C-EEFAD678FE28}"
EndProject
Project("{8BC9CEB8-8B4A-11D0-8D11-00A0C91BC942}") = "05.Heap example", "05.Heap example\05.Heap example.vcxproj", "{6A15DEB9-4713-461F-AD00-03A68DFFD069}"
EndProject
Project("{8BC9CEB8-8B4A-11D0-8D11-00A0C91BC942}") = "06.PriorityQueue example", "06.PriorityQueue example\06.PriorityQueue example.vcxproj", "{3CFCC6C1-C7E4-422A-A861-57ED1A4C44E2}"
EndProject
Project("{8BC9CEB8-8B4A-11D0-8D11-00A0C91BC942}") = "07.SimpleHashTable example", "07.SimpleHashTable example\07.SimpleHashTable example.vcxproj", "{6E246B8D-4A0A-475D-BE57-3D90C4383019}"
EndProject
Project("{8BC9CEB8-8B4A-11D0-8D11-00A0C91BC942}") = "08.Chaining example", "08.Chaining example\08.Chaining example.vcxproj", "{AC0ED738-7BE9-4B8D-AF39-DA5409E6A3F6}"
EndProject
Project("{8BC9CEB8-8B4A-11D0-8D11-00A0C91BC942}") = "09.OpenAddressing example", "09.OpenAddressing example\09.OpenAddressing example.vcxproj", "{54F07D4D-CB6C-46FB-9764-1A62BAEA5071}"
EndProject
Project("{8BC9CEB8-8B4A-11D0-8D11-00A0C91BC942}") = "10.Graph example", "10.Graph example\10.Graph example.vcxproj", "{1A754D4B-7162-432A-BE32-7639E4F692F7}"
EndProject
Project("{8BC9CEB8-8B4A-11D0-8D11-00A0C91BC942}") = "11.GraphTraversal example", "11.GraphTraversal example\11.GraphTraversal example.vcxproj", "{D46315B1-FDC7-48F9-9867-3FD7A0237468}"
EndProject
Project("{8BC9CEB8-8B4A-11D0-8D11-00A0C91BC942}") = "10.Graph example_2", "10.Graph example_2\10.Graph example_2.vcxproj", "{5B1BD313-13D0-4BCF-A8ED-F4E8F5D03E62}"
EndProject
Project("{8BC9CEB8-8B4A-11D0-8D11-00A0C91BC942}") = "12.TopplpjicalSort example", "12.TopplpjicalSort example\12.TopplpjicalSort example.vcxproj", "{A2A3AC22-526C-4B70-971E-0A128150E9E1}"
EndProject
Project("{8BC9CEB8-8B4A-11D0-8D11-00A0C91BC942}") = "12.TopplpjicalSort example_2", "12.TopplpjicalSort example_2\12.TopplpjicalSort example_2.vcxproj", "{D04B89E9-330A-4F4D-9A51-E2E6C9A3592C}"
EndProject
Project("{8BC9CEB8-8B4A-11D0-8D11-00A0C91BC942}") = "13.MinimumSpanningTree example", "13.MinimumSpanningTree example\13.MinimumSpanningTree example.vcxproj", "{F4F75F87-4853-4A5B-BCBD-1E81EF6E22C1}"
EndProject
Project("{8BC9CEB8-8B4A-11D0-8D11-00A0C91BC942}") = "14.Dijkstra example", "14.Dijkstra example\14.Dijkstra example.vcxproj", "{00E785FB-8B9E-4118-A982-027F03FFF6D8}"
EndProject
Project("{8BC9CEB8-8B4A-11D0-8D11-00A0C91BC942}") = "15.BruteForce example", "15.BruteForce example\15.BruteForce example.vcxproj", "{DB8296CB-83F7-4D7A-8649-572B01B73CAB}"
EndProject
Project("{8BC9CEB8-8B4A-11D0-8D11-00A0C91BC942}") = "16.KarpRabin example", "16.KarpRabin example\16.KarpRabin example.vcxproj", "{04D4829C-B5B2-448B-B836-A52A27648328}"
EndProject
Project("{8BC9CEB8-8B4A-11D0-8D11-00A0C91BC942}") = "17.KnuthMorrisPratt example", "17.KnuthMorrisPratt example\17.KnuthMorrisPratt example.vcxproj", "{8CF88A72-B894-4A7B-86C3-D8E4C4565D33}"
EndProject
Project("{8BC9CEB8-8B4A-11D0-8D11-00A0C91BC942}") = "18.MergeSort example", "18.MergeSort example\18.MergeSort example.vcxproj", "{977709F6-FB20-491E-B2DF-4819E2602C1B}"
EndProject
Project("{8BC9CEB8-8B4A-11D0-8D11-00A0C91BC942}") = "19.FastExponentiation example", "19.FastExponentiation example\19.FastExponentiation example.vcxproj", "{48F7937D-2251-4907-A30E-15C99DF66DF5}"
EndProject
Project("{8BC9CEB8-8B4A-11D0-8D11-00A0C91BC942}") = "20.FibonacciDnc example", "20.FibonacciDnc example\20.FibonacciDnc example.vcxproj", "{74AA2BE7-3CE7-49F6-8C53-FE2357009AA8}"
EndProject
Project("{8BC9CEB8-8B4A-11D0-8D11-00A0C91BC942}") = "21.LCSDP example", "21.LCSDP example\21.LCSDP example.vcxproj", "{7D6FBFDD-0EE0-4947-B536-07B3474517F9}"
EndProject
Global
	GlobalSection(SolutionConfigurationPlatforms) = preSolution
		Debug|x64 = Debug|x64
		Debug|x86 = Debug|x86
		Release|x64 = Release|x64
		Release|x86 = Release|x86
	EndGlobalSection
	GlobalSection(ProjectConfigurationPlatforms) = postSolution
		{F75CF9B4-0A20-4F4F-85AA-277F534E4A5D}.Debug|x64.ActiveCfg = Debug|x64
		{F75CF9B4-0A20-4F4F-85AA-277F534E4A5D}.Debug|x64.Build.0 = Debug|x64
		{F75CF9B4-0A20-4F4F-85AA-277F534E4A5D}.Debug|x86.ActiveCfg = Debug|Win32
		{F75CF9B4-0A20-4F4F-85AA-277F534E4A5D}.Debug|x86.Build.0 = Debug|Win32
		{F75CF9B4-0A20-4F4F-85AA-277F534E4A5D}.Release|x64.ActiveCfg = Release|x64
		{F75CF9B4-0A20-4F4F-85AA-277F534E4A5D}.Release|x64.Build.0 = Release|x64
		{F75CF9B4-0A20-4F4F-85AA-277F534E4A5D}.Release|x86.ActiveCfg = Release|Win32
		{F75CF9B4-0A20-4F4F-85AA-277F534E4A5D}.Release|x86.Build.0 = Release|Win32
		{FF5CB8B3-C999-4C25-839D-225A6A0DE0B0}.Debug|x64.ActiveCfg = Debug|x64
		{FF5CB8B3-C999-4C25-839D-225A6A0DE0B0}.Debug|x64.Build.0 = Debug|x64
		{FF5CB8B3-C999-4C25-839D-225A6A0DE0B0}.Debug|x86.ActiveCfg = Debug|Win32
		{FF5CB8B3-C999-4C25-839D-225A6A0DE0B0}.Debug|x86.Build.0 = Debug|Win32
		{FF5CB8B3-C999-4C25-839D-225A6A0DE0B0}.Release|x64.ActiveCfg = Release|x64
		{FF5CB8B3-C999-4C25-839D-225A6A0DE0B0}.Release|x64.Build.0 = Release|x64
		{FF5CB8B3-C999-4C25-839D-225A6A0DE0B0}.Release|x86.ActiveCfg = Release|Win32
		{FF5CB8B3-C999-4C25-839D-225A6A0DE0B0}.Release|x86.Build.0 = Release|Win32
		{59B65B62-5049-46F7-B986-70D754CD240E}.Debug|x64.ActiveCfg = Debug|x64
		{59B65B62-5049-46F7-B986-70D754CD240E}.Debug|x64.Build.0 = Debug|x64
		{59B65B62-5049-46F7-B986-70D754CD240E}.Debug|x86.ActiveCfg = Debug|Win32
		{59B65B62-5049-46F7-B986-70D754CD240E}.Debug|x86.Build.0 = Debug|Win32
		{59B65B62-5049-46F7-B986-70D754CD240E}.Release|x64.ActiveCfg = Release|x64
		{59B65B62-5049-46F7-B986-70D754CD240E}.Release|x64.Build.0 = Release|x64
		{59B65B62-5049-46F7-B986-70D754CD240E}.Release|x86.ActiveCfg = Release|Win32
		{59B65B62-5049-46F7-B986-70D754CD240E}.Release|x86.Build.0 = Release|Win32
		{8D17ADDA-EE7C-4E07-9B6C-EEFAD678FE28}.Debug|x64.ActiveCfg = Debug|x64
		{8D17ADDA-EE7C-4E07-9B6C-EEFAD678FE28}.Debug|x64.Build.0 = Debug|x64
		{8D17ADDA-EE7C-4E07-9B6C-EEFAD678FE28}.Debug|x86.ActiveCfg = Debug|Win32
		{8D17ADDA-EE7C-4E07-9B6C-EEFAD678FE28}.Debug|x86.Build.0 = Debug|Win32
		{8D17ADDA-EE7C-4E07-9B6C-EEFAD678FE28}.Release|x64.ActiveCfg = Release|x64
		{8D17ADDA-EE7C-4E07-9B6C-EEFAD678FE28}.Release|x64.Build.0 = Release|x64
		{8D17ADDA-EE7C-4E07-9B6C-EEFAD678FE28}.Release|x86.ActiveCfg = Release|Win32
		{8D17ADDA-EE7C-4E07-9B6C-EEFAD678FE28}.Release|x86.Build.0 = Release|Win32
		{6A15DEB9-4713-461F-AD00-03A68DFFD069}.Debug|x64.ActiveCfg = Debug|x64
		{6A15DEB9-4713-461F-AD00-03A68DFFD069}.Debug|x64.Build.0 = Debug|x64
		{6A15DEB9-4713-461F-AD00-03A68DFFD069}.Debug|x86.ActiveCfg = Debug|Win32
		{6A15DEB9-4713-461F-AD00-03A68DFFD069}.Debug|x86.Build.0 = Debug|Win32
		{6A15DEB9-4713-461F-AD00-03A68DFFD069}.Release|x64.ActiveCfg = Release|x64
		{6A15DEB9-4713-461F-AD00-03A68DFFD069}.Release|x64.Build.0 = Release|x64
		{6A15DEB9-4713-461F-AD00-03A68DFFD069}.Release|x86.ActiveCfg = Release|Win32
		{6A15DEB9-4713-461F-AD00-03A68DFFD069}.Release|x86.Build.0 = Release|Win32
		{3CFCC6C1-C7E4-422A-A861-57ED1A4C44E2}.Debug|x64.ActiveCfg = Debug|x64
		{3CFCC6C1-C7E4-422A-A861-57ED1A4C44E2}.Debug|x64.Build.0 = Debug|x64
		{3CFCC6C1-C7E4-422A-A861-57ED1A4C44E2}.Debug|x86.ActiveCfg = Debug|Win32
		{3CFCC6C1-C7E4-422A-A861-57ED1A4C44E2}.Debug|x86.Build.0 = Debug|Win32
		{3CFCC6C1-C7E4-422A-A861-57ED1A4C44E2}.Release|x64.ActiveCfg = Release|x64
		{3CFCC6C1-C7E4-422A-A861-57ED1A4C44E2}.Release|x64.Build.0 = Release|x64
		{3CFCC6C1-C7E4-422A-A861-57ED1A4C44E2}.Release|x86.ActiveCfg = Release|Win32
		{3CFCC6C1-C7E4-422A-A861-57ED1A4C44E2}.Release|x86.Build.0 = Release|Win32
		{6E246B8D-4A0A-475D-BE57-3D90C4383019}.Debug|x64.ActiveCfg = Debug|x64
		{6E246B8D-4A0A-475D-BE57-3D90C4383019}.Debug|x64.Build.0 = Debug|x64
		{6E246B8D-4A0A-475D-BE57-3D90C4383019}.Debug|x86.ActiveCfg = Debug|Win32
		{6E246B8D-4A0A-475D-BE57-3D90C4383019}.Debug|x86.Build.0 = Debug|Win32
		{6E246B8D-4A0A-475D-BE57-3D90C4383019}.Release|x64.ActiveCfg = Release|x64
		{6E246B8D-4A0A-475D-BE57-3D90C4383019}.Release|x64.Build.0 = Release|x64
		{6E246B8D-4A0A-475D-BE57-3D90C4383019}.Release|x86.ActiveCfg = Release|Win32
		{6E246B8D-4A0A-475D-BE57-3D90C4383019}.Release|x86.Build.0 = Release|Win32
		{AC0ED738-7BE9-4B8D-AF39-DA5409E6A3F6}.Debug|x64.ActiveCfg = Debug|x64
		{AC0ED738-7BE9-4B8D-AF39-DA5409E6A3F6}.Debug|x64.Build.0 = Debug|x64
		{AC0ED738-7BE9-4B8D-AF39-DA5409E6A3F6}.Debug|x86.ActiveCfg = Debug|Win32
		{AC0ED738-7BE9-4B8D-AF39-DA5409E6A3F6}.Debug|x86.Build.0 = Debug|Win32
		{AC0ED738-7BE9-4B8D-AF39-DA5409E6A3F6}.Release|x64.ActiveCfg = Release|x64
		{AC0ED738-7BE9-4B8D-AF39-DA5409E6A3F6}.Release|x64.Build.0 = Release|x64
		{AC0ED738-7BE9-4B8D-AF39-DA5409E6A3F6}.Release|x86.ActiveCfg = Release|Win32
		{AC0ED738-7BE9-4B8D-AF39-DA5409E6A3F6}.Release|x86.Build.0 = Release|Win32
		{54F07D4D-CB6C-46FB-9764-1A62BAEA5071}.Debug|x64.ActiveCfg = Debug|x64
		{54F07D4D-CB6C-46FB-9764-1A62BAEA5071}.Debug|x64.Build.0 = Debug|x64
		{54F07D4D-CB6C-46FB-9764-1A62BAEA5071}.Debug|x86.ActiveCfg = Debug|Win32
		{54F07D4D-CB6C-46FB-9764-1A62BAEA5071}.Debug|x86.Build.0 = Debug|Win32
		{54F07D4D-CB6C-46FB-9764-1A62BAEA5071}.Release|x64.ActiveCfg = Release|x64
		{54F07D4D-CB6C-46FB-9764-1A62BAEA5071}.Release|x64.Build.0 = Release|x64
		{54F07D4D-CB6C-46FB-9764-1A62BAEA5071}.Release|x86.ActiveCfg = Release|Win32
		{54F07D4D-CB6C-46FB-9764-1A62BAEA5071}.Release|x86.Build.0 = Release|Win32
		{1A754D4B-7162-432A-BE32-7639E4F692F7}.Debug|x64.ActiveCfg = Debug|x64
		{1A754D4B-7162-432A-BE32-7639E4F692F7}.Debug|x64.Build.0 = Debug|x64
		{1A754D4B-7162-432A-BE32-7639E4F692F7}.Debug|x86.ActiveCfg = Debug|Win32
		{1A754D4B-7162-432A-BE32-7639E4F692F7}.Debug|x86.Build.0 = Debug|Win32
		{1A754D4B-7162-432A-BE32-7639E4F692F7}.Release|x64.ActiveCfg = Release|x64
		{1A754D4B-7162-432A-BE32-7639E4F692F7}.Release|x64.Build.0 = Release|x64
		{1A754D4B-7162-432A-BE32-7639E4F692F7}.Release|x86.ActiveCfg = Release|Win32
		{1A754D4B-7162-432A-BE32-7639E4F692F7}.Release|x86.Build.0 = Release|Win32
		{D46315B1-FDC7-48F9-9867-3FD7A0237468}.Debug|x64.ActiveCfg = Debug|x64
		{D46315B1-FDC7-48F9-9867-3FD7A0237468}.Debug|x64.Build.0 = Debug|x64
		{D46315B1-FDC7-48F9-9867-3FD7A0237468}.Debug|x86.ActiveCfg = Debug|Win32
		{D46315B1-FDC7-48F9-9867-3FD7A0237468}.Debug|x86.Build.0 = Debug|Win32
		{D46315B1-FDC7-48F9-9867-3FD7A0237468}.Release|x64.ActiveCfg = Release|x64
		{D46315B1-FDC7-48F9-9867-3FD7A0237468}.Release|x64.Build.0 = Release|x64
		{D46315B1-FDC7-48F9-9867-3FD7A0237468}.Release|x86.ActiveCfg = Release|Win32
		{D46315B1-FDC7-48F9-9867-3FD7A0237468}.Release|x86.Build.0 = Release|Win32
		{5B1BD313-13D0-4BCF-A8ED-F4E8F5D03E62}.Debug|x64.ActiveCfg = Debug|x64
		{5B1BD313-13D0-4BCF-A8ED-F4E8F5D03E62}.Debug|x64.Build.0 = Debug|x64
		{5B1BD313-13D0-4BCF-A8ED-F4E8F5D03E62}.Debug|x86.ActiveCfg = Debug|Win32
		{5B1BD313-13D0-4BCF-A8ED-F4E8F5D03E62}.Debug|x86.Build.0 = Debug|Win32
		{5B1BD313-13D0-4BCF-A8ED-F4E8F5D03E62}.Release|x64.ActiveCfg = Release|x64
		{5B1BD313-13D0-4BCF-A8ED-F4E8F5D03E62}.Release|x64.Build.0 = Release|x64
		{5B1BD313-13D0-4BCF-A8ED-F4E8F5D03E62}.Release|x86.ActiveCfg = Release|Win32
		{5B1BD313-13D0-4BCF-A8ED-F4E8F5D03E62}.Release|x86.Build.0 = Release|Win32
		{A2A3AC22-526C-4B70-971E-0A128150E9E1}.Debug|x64.ActiveCfg = Debug|x64
		{A2A3AC22-526C-4B70-971E-0A128150E9E1}.Debug|x64.Build.0 = Debug|x64
		{A2A3AC22-526C-4B70-971E-0A128150E9E1}.Debug|x86.ActiveCfg = Debug|Win32
		{A2A3AC22-526C-4B70-971E-0A128150E9E1}.Debug|x86.Build.0 = Debug|Win32
		{A2A3AC22-526C-4B70-971E-0A128150E9E1}.Release|x64.ActiveCfg = Release|x64
		{A2A3AC22-526C-4B70-971E-0A128150E9E1}.Release|x64.Build.0 = Release|x64
		{A2A3AC22-526C-4B70-971E-0A128150E9E1}.Release|x86.ActiveCfg = Release|Win32
		{A2A3AC22-526C-4B70-971E-0A128150E9E1}.Release|x86.Build.0 = Release|Win32
		{D04B89E9-330A-4F4D-9A51-E2E6C9A3592C}.Debug|x64.ActiveCfg = Debug|x64
		{D04B89E9-330A-4F4D-9A51-E2E6C9A3592C}.Debug|x64.Build.0 = Debug|x64
		{D04B89E9-330A-4F4D-9A51-E2E6C9A3592C}.Debug|x86.ActiveCfg = Debug|Win32
		{D04B89E9-330A-4F4D-9A51-E2E6C9A3592C}.Debug|x86.Build.0 = Debug|Win32
		{D04B89E9-330A-4F4D-9A51-E2E6C9A3592C}.Release|x64.ActiveCfg = Release|x64
		{D04B89E9-330A-4F4D-9A51-E2E6C9A3592C}.Release|x64.Build.0 = Release|x64
		{D04B89E9-330A-4F4D-9A51-E2E6C9A3592C}.Release|x86.ActiveCfg = Release|Win32
		{D04B89E9-330A-4F4D-9A51-E2E6C9A3592C}.Release|x86.Build.0 = Release|Win32
		{F4F75F87-4853-4A5B-BCBD-1E81EF6E22C1}.Debug|x64.ActiveCfg = Debug|x64
		{F4F75F87-4853-4A5B-BCBD-1E81EF6E22C1}.Debug|x64.Build.0 = Debug|x64
		{F4F75F87-4853-4A5B-BCBD-1E81EF6E22C1}.Debug|x86.ActiveCfg = Debug|Win32
		{F4F75F87-4853-4A5B-BCBD-1E81EF6E22C1}.Debug|x86.Build.0 = Debug|Win32
		{F4F75F87-4853-4A5B-BCBD-1E81EF6E22C1}.Release|x64.ActiveCfg = Release|x64
		{F4F75F87-4853-4A5B-BCBD-1E81EF6E22C1}.Release|x64.Build.0 = Release|x64
		{F4F75F87-4853-4A5B-BCBD-1E81EF6E22C1}.Release|x86.ActiveCfg = Release|Win32
		{F4F75F87-4853-4A5B-BCBD-1E81EF6E22C1}.Release|x86.Build.0 = Release|Win32
		{00E785FB-8B9E-4118-A982-027F03FFF6D8}.Debug|x64.ActiveCfg = Debug|x64
		{00E785FB-8B9E-4118-A982-027F03FFF6D8}.Debug|x64.Build.0 = Debug|x64
		{00E785FB-8B9E-4118-A982-027F03FFF6D8}.Debug|x86.ActiveCfg = Debug|Win32
		{00E785FB-8B9E-4118-A982-027F03FFF6D8}.Debug|x86.Build.0 = Debug|Win32
		{00E785FB-8B9E-4118-A982-027F03FFF6D8}.Release|x64.ActiveCfg = Release|x64
		{00E785FB-8B9E-4118-A982-027F03FFF6D8}.Release|x64.Build.0 = Release|x64
		{00E785FB-8B9E-4118-A982-027F03FFF6D8}.Release|x86.ActiveCfg = Release|Win32
		{00E785FB-8B9E-4118-A982-027F03FFF6D8}.Release|x86.Build.0 = Release|Win32
		{DB8296CB-83F7-4D7A-8649-572B01B73CAB}.Debug|x64.ActiveCfg = Debug|x64
		{DB8296CB-83F7-4D7A-8649-572B01B73CAB}.Debug|x64.Build.0 = Debug|x64
		{DB8296CB-83F7-4D7A-8649-572B01B73CAB}.Debug|x86.ActiveCfg = Debug|Win32
		{DB8296CB-83F7-4D7A-8649-572B01B73CAB}.Debug|x86.Build.0 = Debug|Win32
		{DB8296CB-83F7-4D7A-8649-572B01B73CAB}.Release|x64.ActiveCfg = Release|x64
		{DB8296CB-83F7-4D7A-8649-572B01B73CAB}.Release|x64.Build.0 = Release|x64
		{DB8296CB-83F7-4D7A-8649-572B01B73CAB}.Release|x86.ActiveCfg = Release|Win32
		{DB8296CB-83F7-4D7A-8649-572B01B73CAB}.Release|x86.Build.0 = Release|Win32
		{04D4829C-B5B2-448B-B836-A52A27648328}.Debug|x64.ActiveCfg = Debug|x64
		{04D4829C-B5B2-448B-B836-A52A27648328}.Debug|x64.Build.0 = Debug|x64
		{04D4829C-B5B2-448B-B836-A52A27648328}.Debug|x86.ActiveCfg = Debug|Win32
		{04D4829C-B5B2-448B-B836-A52A27648328}.Debug|x86.Build.0 = Debug|Win32
		{04D4829C-B5B2-448B-B836-A52A27648328}.Release|x64.ActiveCfg = Release|x64
		{04D4829C-B5B2-448B-B836-A52A27648328}.Release|x64.Build.0 = Release|x64
		{04D4829C-B5B2-448B-B836-A52A27648328}.Release|x86.ActiveCfg = Release|Win32
		{04D4829C-B5B2-448B-B836-A52A27648328}.Release|x86.Build.0 = Release|Win32
		{8CF88A72-B894-4A7B-86C3-D8E4C4565D33}.Debug|x64.ActiveCfg = Debug|x64
		{8CF88A72-B894-4A7B-86C3-D8E4C4565D33}.Debug|x64.Build.0 = Debug|x64
		{8CF88A72-B894-4A7B-86C3-D8E4C4565D33}.Debug|x86.ActiveCfg = Debug|Win32
		{8CF88A72-B894-4A7B-86C3-D8E4C4565D33}.Debug|x86.Build.0 = Debug|Win32
		{8CF88A72-B894-4A7B-86C3-D8E4C4565D33}.Release|x64.ActiveCfg = Release|x64
		{8CF88A72-B894-4A7B-86C3-D8E4C4565D33}.Release|x64.Build.0 = Release|x64
		{8CF88A72-B894-4A7B-86C3-D8E4C4565D33}.Release|x86.ActiveCfg = Release|Win32
		{8CF88A72-B894-4A7B-86C3-D8E4C4565D33}.Release|x86.Build.0 = Release|Win32
		{977709F6-FB20-491E-B2DF-4819E2602C1B}.Debug|x64.ActiveCfg = Debug|x64
		{977709F6-FB20-491E-B2DF-4819E2602C1B}.Debug|x64.Build.0 = Debug|x64
		{977709F6-FB20-491E-B2DF-4819E2602C1B}.Debug|x86.ActiveCfg = Debug|Win32
		{977709F6-FB20-491E-B2DF-4819E2602C1B}.Debug|x86.Build.0 = Debug|Win32
		{977709F6-FB20-491E-B2DF-4819E2602C1B}.Release|x64.ActiveCfg = Release|x64
		{977709F6-FB20-491E-B2DF-4819E2602C1B}.Release|x64.Build.0 = Release|x64
		{977709F6-FB20-491E-B2DF-4819E2602C1B}.Release|x86.ActiveCfg = Release|Win32
		{977709F6-FB20-491E-B2DF-4819E2602C1B}.Release|x86.Build.0 = Release|Win32
		{48F7937D-2251-4907-A30E-15C99DF66DF5}.Debug|x64.ActiveCfg = Debug|x64
		{48F7937D-2251-4907-A30E-15C99DF66DF5}.Debug|x64.Build.0 = Debug|x64
		{48F7937D-2251-4907-A30E-15C99DF66DF5}.Debug|x86.ActiveCfg = Debug|Win32
		{48F7937D-2251-4907-A30E-15C99DF66DF5}.Debug|x86.Build.0 = Debug|Win32
		{48F7937D-2251-4907-A30E-15C99DF66DF5}.Release|x64.ActiveCfg = Release|x64
		{48F7937D-2251-4907-A30E-15C99DF66DF5}.Release|x64.Build.0 = Release|x64
		{48F7937D-2251-4907-A30E-15C99DF66DF5}.Release|x86.ActiveCfg = Release|Win32
		{48F7937D-2251-4907-A30E-15C99DF66DF5}.Release|x86.Build.0 = Release|Win32
		{74AA2BE7-3CE7-49F6-8C53-FE2357009AA8}.Debug|x64.ActiveCfg = Debug|x64
		{74AA2BE7-3CE7-49F6-8C53-FE2357009AA8}.Debug|x64.Build.0 = Debug|x64
		{74AA2BE7-3CE7-49F6-8C53-FE2357009AA8}.Debug|x86.ActiveCfg = Debug|Win32
		{74AA2BE7-3CE7-49F6-8C53-FE2357009AA8}.Debug|x86.Build.0 = Debug|Win32
		{74AA2BE7-3CE7-49F6-8C53-FE2357009AA8}.Release|x64.ActiveCfg = Release|x64
		{74AA2BE7-3CE7-49F6-8C53-FE2357009AA8}.Release|x64.Build.0 = Release|x64
		{74AA2BE7-3CE7-49F6-8C53-FE2357009AA8}.Release|x86.ActiveCfg = Release|Win32
		{74AA2BE7-3CE7-49F6-8C53-FE2357009AA8}.Release|x86.Build.0 = Release|Win32
		{7D6FBFDD-0EE0-4947-B536-07B3474517F9}.Debug|x64.ActiveCfg = Debug|x64
		{7D6FBFDD-0EE0-4947-B536-07B3474517F9}.Debug|x64.Build.0 = Debug|x64
		{7D6FBFDD-0EE0-4947-B536-07B3474517F9}.Debug|x86.ActiveCfg = Debug|Win32
		{7D6FBFDD-0EE0-4947-B536-07B3474517F9}.Debug|x86.Build.0 = Debug|Win32
		{7D6FBFDD-0EE0-4947-B536-07B3474517F9}.Release|x64.ActiveCfg = Release|x64
		{7D6FBFDD-0EE0-4947-B536-07B3474517F9}.Release|x64.Build.0 = Release|x64
		{7D6FBFDD-0EE0-4947-B536-07B3474517F9}.Release|x86.ActiveCfg = Release|Win32
		{7D6FBFDD-0EE0-4947-B536-07B3474517F9}.Release|x86.Build.0 = Release|Win32
	EndGlobalSection
	GlobalSection(SolutionProperties) = preSolution
		HideSolutionNode = FALSE
	EndGlobalSection
	GlobalSection(ExtensibilityGlobals) = postSolution
		SolutionGuid = {C0BA88F9-FC26-4283-82CF-571ABFA11A36}
	EndGlobalSection
EndGlobal
